{
  "requires": true,
  "lockfileVersion": 1,
  "dependencies": {
    "@ULL-ESIT-PL-1920/p10-t2-lexgen-code-jorge-acevedo": {
      "version": "1.0.1",
      "resolved": "https://npm.pkg.github.com/download/@ULL-ESIT-PL-1920/p10-t2-lexgen-code-jorge-acevedo/1.0.1/935211d15d9a25d7175375346529fac0a99c63c9072fc82d053b78a0004837ae",
      "integrity": "sha512-5PZaZqZunPP+/C6QQQZaFQjZr0+YhtZ9WorgGE5PetdhWtYi2ZFt1dFjZR1jVneypdNqAMDk5l4fWkHxNN0Ciw=="
    }
  }
}
